
Microsoft Visual Studio Solution File, Format Version 12.00
# Visual Studio Version 17
VisualStudioVersion = 17.3.32825.248
MinimumVisualStudioVersion = 10.0.40219.1
Project("{FAE04EC0-301F-11D3-BF4B-00C04F79EFBC}") = "DovuscuGame", "DovuscuGame\DovuscuGame.csproj", "{05CA0BBB-AFC9-46B1-B0A2-910AA9DDB06B}"
EndProject
Global
	GlobalSection(SolutionConfigurationPlatforms) = preSolution
		Debug|Any CPU = Debug|Any CPU
		Release|Any CPU = Release|Any CPU
	EndGlobalSection
	GlobalSection(ProjectConfigurationPlatforms) = postSolution
		{05CA0BBB-AFC9-46B1-B0A2-910AA9DDB06B}.Debug|Any CPU.ActiveCfg = Debug|Any CPU
		{05CA0BBB-AFC9-46B1-B0A2-910AA9DDB06B}.Debug|Any CPU.Build.0 = Debug|Any CPU
		{05CA0BBB-AFC9-46B1-B0A2-910AA9DDB06B}.Release|Any CPU.ActiveCfg = Release|Any CPU
		{05CA0BBB-AFC9-46B1-B0A2-910AA9DDB06B}.Release|Any CPU.Build.0 = Release|Any CPU
	EndGlobalSection
	GlobalSection(SolutionProperties) = preSolution
		HideSolutionNode = FALSE
	EndGlobalSection
	GlobalSection(ExtensibilityGlobals) = postSolution
		SolutionGuid = {CFB54DB5-5B6C-419B-BC6A-98BFD455A351}
	EndGlobalSection
EndGlobal
